
Microsoft Visual Studio Solution File, Format Version 12.00
# Visual Studio Version 16
VisualStudioVersion = 16.0.30907.101
MinimumVisualStudioVersion = 10.0.40219.1
Project("{8BC9CEB8-8B4A-11D0-8D11-00A0C91BC942}") = "TA1", "TA1\TA1.vcxproj", "{97FC0391-3B86-4A48-8629-170648D2B770}"
EndProject
Project("{8BC9CEB8-8B4A-11D0-8D11-00A0C91BC942}") = "TA1.Test", "TA1.Test\TA1.Test.vcxproj", "{3A76C214-93B5-4BAB-A49E-4FD7FCBC4598}"
EndProject
Global
	GlobalSection(SolutionConfigurationPlatforms) = preSolution
		Debug|x64 = Debug|x64
		Debug|x86 = Debug|x86
		Release|x64 = Release|x64
		Release|x86 = Release|x86
	EndGlobalSection
	GlobalSection(ProjectConfigurationPlatforms) = postSolution
		{97FC0391-3B86-4A48-8629-170648D2B770}.Debug|x64.ActiveCfg = Debug|x64
		{97FC0391-3B86-4A48-8629-170648D2B770}.Debug|x64.Build.0 = Debug|x64
		{97FC0391-3B86-4A48-8629-170648D2B770}.Debug|x86.ActiveCfg = Debug|Win32
		{97FC0391-3B86-4A48-8629-170648D2B770}.Debug|x86.Build.0 = Debug|Win32
		{97FC0391-3B86-4A48-8629-170648D2B770}.Release|x64.ActiveCfg = Release|x64
		{97FC0391-3B86-4A48-8629-170648D2B770}.Release|x64.Build.0 = Release|x64
		{97FC0391-3B86-4A48-8629-170648D2B770}.Release|x86.ActiveCfg = Release|Win32
		{97FC0391-3B86-4A48-8629-170648D2B770}.Release|x86.Build.0 = Release|Win32
		{3A76C214-93B5-4BAB-A49E-4FD7FCBC4598}.Debug|x64.ActiveCfg = Debug|x64
		{3A76C214-93B5-4BAB-A49E-4FD7FCBC4598}.Debug|x64.Build.0 = Debug|x64
		{3A76C214-93B5-4BAB-A49E-4FD7FCBC4598}.Debug|x86.ActiveCfg = Debug|Win32
		{3A76C214-93B5-4BAB-A49E-4FD7FCBC4598}.Debug|x86.Build.0 = Debug|Win32
		{3A76C214-93B5-4BAB-A49E-4FD7FCBC4598}.Release|x64.ActiveCfg = Release|x64
		{3A76C214-93B5-4BAB-A49E-4FD7FCBC4598}.Release|x64.Build.0 = Release|x64
		{3A76C214-93B5-4BAB-A49E-4FD7FCBC4598}.Release|x86.ActiveCfg = Release|Win32
		{3A76C214-93B5-4BAB-A49E-4FD7FCBC4598}.Release|x86.Build.0 = Release|Win32
	EndGlobalSection
	GlobalSection(SolutionProperties) = preSolution
		HideSolutionNode = FALSE
	EndGlobalSection
	GlobalSection(ExtensibilityGlobals) = postSolution
		SolutionGuid = {934958C7-35DE-4FA3-8DEF-DF14A42CC39D}
	EndGlobalSection
EndGlobal
